
Microsoft Visual Studio Solution File, Format Version 12.00
# Visual Studio Version 17
VisualStudioVersion = 17.4.33213.308
MinimumVisualStudioVersion = 10.0.40219.1
Project("{9A19103F-16F7-4668-BE54-9A1E7A4F7556}") = "Week7Functions", "Week7Functions\Week7Functions.csproj", "{7CC1F297-A458-47AD-95C7-1AC537A6B993}"
EndProject
Project("{FAE04EC0-301F-11D3-BF4B-00C04F79EFBC}") = "ArgumentsAndParameters", "ArgumentsAndParameters\ArgumentsAndParameters.csproj", "{B6012D5A-BF92-4795-8E54-3EA6BD5938FD}"
EndProject
Project("{FAE04EC0-301F-11D3-BF4B-00C04F79EFBC}") = "Calculator", "Calculator\Calculator.csproj", "{214E7863-B50D-4371-B3F2-98566C08234F}"
EndProject
Project("{FAE04EC0-301F-11D3-BF4B-00C04F79EFBC}") = "DiscountCalculator", "DiscountCalculator\DiscountCalculator.csproj", "{4243017F-C07B-4525-8BB0-553F0F2C7C75}"
EndProject
Global
	GlobalSection(SolutionConfigurationPlatforms) = preSolution
		Debug|Any CPU = Debug|Any CPU
		Release|Any CPU = Release|Any CPU
	EndGlobalSection
	GlobalSection(ProjectConfigurationPlatforms) = postSolution
		{7CC1F297-A458-47AD-95C7-1AC537A6B993}.Debug|Any CPU.ActiveCfg = Debug|Any CPU
		{7CC1F297-A458-47AD-95C7-1AC537A6B993}.Debug|Any CPU.Build.0 = Debug|Any CPU
		{7CC1F297-A458-47AD-95C7-1AC537A6B993}.Release|Any CPU.ActiveCfg = Release|Any CPU
		{7CC1F297-A458-47AD-95C7-1AC537A6B993}.Release|Any CPU.Build.0 = Release|Any CPU
		{B6012D5A-BF92-4795-8E54-3EA6BD5938FD}.Debug|Any CPU.ActiveCfg = Debug|Any CPU
		{B6012D5A-BF92-4795-8E54-3EA6BD5938FD}.Debug|Any CPU.Build.0 = Debug|Any CPU
		{B6012D5A-BF92-4795-8E54-3EA6BD5938FD}.Release|Any CPU.ActiveCfg = Release|Any CPU
		{B6012D5A-BF92-4795-8E54-3EA6BD5938FD}.Release|Any CPU.Build.0 = Release|Any CPU
		{214E7863-B50D-4371-B3F2-98566C08234F}.Debug|Any CPU.ActiveCfg = Debug|Any CPU
		{214E7863-B50D-4371-B3F2-98566C08234F}.Debug|Any CPU.Build.0 = Debug|Any CPU
		{214E7863-B50D-4371-B3F2-98566C08234F}.Release|Any CPU.ActiveCfg = Release|Any CPU
		{214E7863-B50D-4371-B3F2-98566C08234F}.Release|Any CPU.Build.0 = Release|Any CPU
		{4243017F-C07B-4525-8BB0-553F0F2C7C75}.Debug|Any CPU.ActiveCfg = Debug|Any CPU
		{4243017F-C07B-4525-8BB0-553F0F2C7C75}.Debug|Any CPU.Build.0 = Debug|Any CPU
		{4243017F-C07B-4525-8BB0-553F0F2C7C75}.Release|Any CPU.ActiveCfg = Release|Any CPU
		{4243017F-C07B-4525-8BB0-553F0F2C7C75}.Release|Any CPU.Build.0 = Release|Any CPU
	EndGlobalSection
	GlobalSection(SolutionProperties) = preSolution
		HideSolutionNode = FALSE
	EndGlobalSection
	GlobalSection(ExtensibilityGlobals) = postSolution
		SolutionGuid = {CB34E8BC-7801-442F-9A2D-EED58DE74E9A}
	EndGlobalSection
EndGlobal
